
Microsoft Visual Studio Solution File, Format Version 12.00
# Visual Studio Version 16
VisualStudioVersion = 16.0.30204.135
MinimumVisualStudioVersion = 10.0.40219.1
Project("{FAE04EC0-301F-11D3-BF4B-00C04F79EFBC}") = "TrackerLibrary", "TrackerLibrary\TrackerLibrary.csproj", "{09C5F55C-7D8B-40D2-98F5-8CDBD5B1BF68}"
EndProject
Project("{FAE04EC0-301F-11D3-BF4B-00C04F79EFBC}") = "TrackerUI", "TrackerUI\TrackerUI.csproj", "{74D04E21-5DC5-476C-AA5E-75216451214E}"
EndProject
Global
	GlobalSection(SolutionConfigurationPlatforms) = preSolution
		Debug|Any CPU = Debug|Any CPU
		Release|Any CPU = Release|Any CPU
	EndGlobalSection
	GlobalSection(ProjectConfigurationPlatforms) = postSolution
		{09C5F55C-7D8B-40D2-98F5-8CDBD5B1BF68}.Debug|Any CPU.ActiveCfg = Debug|Any CPU
		{09C5F55C-7D8B-40D2-98F5-8CDBD5B1BF68}.Debug|Any CPU.Build.0 = Debug|Any CPU
		{09C5F55C-7D8B-40D2-98F5-8CDBD5B1BF68}.Release|Any CPU.ActiveCfg = Release|Any CPU
		{09C5F55C-7D8B-40D2-98F5-8CDBD5B1BF68}.Release|Any CPU.Build.0 = Release|Any CPU
		{74D04E21-5DC5-476C-AA5E-75216451214E}.Debug|Any CPU.ActiveCfg = Debug|Any CPU
		{74D04E21-5DC5-476C-AA5E-75216451214E}.Debug|Any CPU.Build.0 = Debug|Any CPU
		{74D04E21-5DC5-476C-AA5E-75216451214E}.Release|Any CPU.ActiveCfg = Release|Any CPU
		{74D04E21-5DC5-476C-AA5E-75216451214E}.Release|Any CPU.Build.0 = Release|Any CPU
	EndGlobalSection
	GlobalSection(SolutionProperties) = preSolution
		HideSolutionNode = FALSE
	EndGlobalSection
	GlobalSection(ExtensibilityGlobals) = postSolution
		SolutionGuid = {E36AC461-87DA-4202-878C-AF2C45E825AD}
	EndGlobalSection
EndGlobal
